
Microsoft Visual Studio Solution File, Format Version 12.00
# Visual Studio 15
VisualStudioVersion = 15.0.26124.0
MinimumVisualStudioVersion = 15.0.26124.0
Project("{FAE04EC0-301F-11D3-BF4B-00C04F79EFBC}") = "Catalog", "Catalog\Catalog.csproj", "{CA0BA6EE-4F25-439C-A805-730C572378A0}"
EndProject
Project("{FAE04EC0-301F-11D3-BF4B-00C04F79EFBC}") = "CRM", "CRM\CRM.csproj", "{903A1E98-791A-4109-91F9-6BED07A4EBB5}"
EndProject
Project("{FAE04EC0-301F-11D3-BF4B-00C04F79EFBC}") = "OrderProcessing", "OrderProcessing\OrderProcessing.csproj", "{71FF2F81-FA39-4AF7-A414-401AE9D57234}"
EndProject
Project("{FAE04EC0-301F-11D3-BF4B-00C04F79EFBC}") = "Membership", "Membership\Membership.csproj", "{4E6B625B-DF36-4D3D-85F3-2548A8126A32}"
EndProject
Project("{FAE04EC0-301F-11D3-BF4B-00C04F79EFBC}") = "Banking", "Banking\Banking.csproj", "{76D2E4DA-8B47-4E62-B310-E3CF3BC1C352}"
EndProject
Project("{FAE04EC0-301F-11D3-BF4B-00C04F79EFBC}") = "PaymentProcessing", "PaymentProcessing\PaymentProcessing.csproj", "{61D9BF45-65CE-4C22-9532-CE8A2E5F6141}"
EndProject

Project("{FAE04EC0-301F-11D3-BF4B-00C04F79EFBC}") = "AnalyticsTest", "AnalyticsTest\AnalyticsTest.csproj", "{6EF77137-2D23-423F-BFB1-0E25021681C0}"
EndProject
Project("{FAE04EC0-301F-11D3-BF4B-00C04F79EFBC}") = "MVCTestApp", "MVCTestApp\MVCTestApp.csproj", "{271A90F3-4B64-496F-8FC7-63754479FE3E}"
EndProject
Global
	GlobalSection(SolutionConfigurationPlatforms) = preSolution
		Debug|Any CPU = Debug|Any CPU
		Debug|x64 = Debug|x64
		Debug|x86 = Debug|x86
		Release|Any CPU = Release|Any CPU
		Release|x64 = Release|x64
		Release|x86 = Release|x86
	EndGlobalSection
	GlobalSection(SolutionProperties) = preSolution
		HideSolutionNode = FALSE
	EndGlobalSection
	GlobalSection(ProjectConfigurationPlatforms) = postSolution
		{CA0BA6EE-4F25-439C-A805-730C572378A0}.Debug|Any CPU.ActiveCfg = Debug|Any CPU
		{CA0BA6EE-4F25-439C-A805-730C572378A0}.Debug|Any CPU.Build.0 = Debug|Any CPU
		{CA0BA6EE-4F25-439C-A805-730C572378A0}.Debug|x64.ActiveCfg = Debug|Any CPU
		{CA0BA6EE-4F25-439C-A805-730C572378A0}.Debug|x64.Build.0 = Debug|Any CPU
		{CA0BA6EE-4F25-439C-A805-730C572378A0}.Debug|x86.ActiveCfg = Debug|Any CPU
		{CA0BA6EE-4F25-439C-A805-730C572378A0}.Debug|x86.Build.0 = Debug|Any CPU
		{CA0BA6EE-4F25-439C-A805-730C572378A0}.Release|Any CPU.ActiveCfg = Release|Any CPU
		{CA0BA6EE-4F25-439C-A805-730C572378A0}.Release|Any CPU.Build.0 = Release|Any CPU
		{CA0BA6EE-4F25-439C-A805-730C572378A0}.Release|x64.ActiveCfg = Release|Any CPU
		{CA0BA6EE-4F25-439C-A805-730C572378A0}.Release|x64.Build.0 = Release|Any CPU
		{CA0BA6EE-4F25-439C-A805-730C572378A0}.Release|x86.ActiveCfg = Release|Any CPU
		{CA0BA6EE-4F25-439C-A805-730C572378A0}.Release|x86.Build.0 = Release|Any CPU
		{903A1E98-791A-4109-91F9-6BED07A4EBB5}.Debug|Any CPU.ActiveCfg = Debug|Any CPU
		{903A1E98-791A-4109-91F9-6BED07A4EBB5}.Debug|Any CPU.Build.0 = Debug|Any CPU
		{903A1E98-791A-4109-91F9-6BED07A4EBB5}.Debug|x64.ActiveCfg = Debug|Any CPU
		{903A1E98-791A-4109-91F9-6BED07A4EBB5}.Debug|x64.Build.0 = Debug|Any CPU
		{903A1E98-791A-4109-91F9-6BED07A4EBB5}.Debug|x86.ActiveCfg = Debug|Any CPU
		{903A1E98-791A-4109-91F9-6BED07A4EBB5}.Debug|x86.Build.0 = Debug|Any CPU
		{903A1E98-791A-4109-91F9-6BED07A4EBB5}.Release|Any CPU.ActiveCfg = Release|Any CPU
		{903A1E98-791A-4109-91F9-6BED07A4EBB5}.Release|Any CPU.Build.0 = Release|Any CPU
		{903A1E98-791A-4109-91F9-6BED07A4EBB5}.Release|x64.ActiveCfg = Release|Any CPU
		{903A1E98-791A-4109-91F9-6BED07A4EBB5}.Release|x64.Build.0 = Release|Any CPU
		{903A1E98-791A-4109-91F9-6BED07A4EBB5}.Release|x86.ActiveCfg = Release|Any CPU
		{903A1E98-791A-4109-91F9-6BED07A4EBB5}.Release|x86.Build.0 = Release|Any CPU
		{71FF2F81-FA39-4AF7-A414-401AE9D57234}.Debug|Any CPU.ActiveCfg = Debug|Any CPU
		{71FF2F81-FA39-4AF7-A414-401AE9D57234}.Debug|Any CPU.Build.0 = Debug|Any CPU
		{71FF2F81-FA39-4AF7-A414-401AE9D57234}.Debug|x64.ActiveCfg = Debug|Any CPU
		{71FF2F81-FA39-4AF7-A414-401AE9D57234}.Debug|x64.Build.0 = Debug|Any CPU
		{71FF2F81-FA39-4AF7-A414-401AE9D57234}.Debug|x86.ActiveCfg = Debug|Any CPU
		{71FF2F81-FA39-4AF7-A414-401AE9D57234}.Debug|x86.Build.0 = Debug|Any CPU
		{71FF2F81-FA39-4AF7-A414-401AE9D57234}.Release|Any CPU.ActiveCfg = Release|Any CPU
		{71FF2F81-FA39-4AF7-A414-401AE9D57234}.Release|Any CPU.Build.0 = Release|Any CPU
		{71FF2F81-FA39-4AF7-A414-401AE9D57234}.Release|x64.ActiveCfg = Release|Any CPU
		{71FF2F81-FA39-4AF7-A414-401AE9D57234}.Release|x64.Build.0 = Release|Any CPU
		{71FF2F81-FA39-4AF7-A414-401AE9D57234}.Release|x86.ActiveCfg = Release|Any CPU
		{71FF2F81-FA39-4AF7-A414-401AE9D57234}.Release|x86.Build.0 = Release|Any CPU
		{6F706888-E3D1-4677-8B72-9D544DA23553}.Debug|Any CPU.ActiveCfg = Debug|Any CPU
		{6F706888-E3D1-4677-8B72-9D544DA23553}.Debug|Any CPU.Build.0 = Debug|Any CPU
		{6F706888-E3D1-4677-8B72-9D544DA23553}.Debug|x64.ActiveCfg = Debug|Any CPU
		{6F706888-E3D1-4677-8B72-9D544DA23553}.Debug|x64.Build.0 = Debug|Any CPU
		{6F706888-E3D1-4677-8B72-9D544DA23553}.Debug|x86.ActiveCfg = Debug|Any CPU
		{6F706888-E3D1-4677-8B72-9D544DA23553}.Debug|x86.Build.0 = Debug|Any CPU
		{6F706888-E3D1-4677-8B72-9D544DA23553}.Release|Any CPU.ActiveCfg = Release|Any CPU
		{6F706888-E3D1-4677-8B72-9D544DA23553}.Release|Any CPU.Build.0 = Release|Any CPU
		{6F706888-E3D1-4677-8B72-9D544DA23553}.Release|x64.ActiveCfg = Release|Any CPU
		{6F706888-E3D1-4677-8B72-9D544DA23553}.Release|x64.Build.0 = Release|Any CPU
		{6F706888-E3D1-4677-8B72-9D544DA23553}.Release|x86.ActiveCfg = Release|Any CPU
		{6F706888-E3D1-4677-8B72-9D544DA23553}.Release|x86.Build.0 = Release|Any CPU
		{4E6B625B-DF36-4D3D-85F3-2548A8126A32}.Debug|Any CPU.ActiveCfg = Debug|Any CPU
		{4E6B625B-DF36-4D3D-85F3-2548A8126A32}.Debug|Any CPU.Build.0 = Debug|Any CPU
		{4E6B625B-DF36-4D3D-85F3-2548A8126A32}.Debug|x64.ActiveCfg = Debug|Any CPU
		{4E6B625B-DF36-4D3D-85F3-2548A8126A32}.Debug|x64.Build.0 = Debug|Any CPU
		{4E6B625B-DF36-4D3D-85F3-2548A8126A32}.Debug|x86.ActiveCfg = Debug|Any CPU
		{4E6B625B-DF36-4D3D-85F3-2548A8126A32}.Debug|x86.Build.0 = Debug|Any CPU
		{4E6B625B-DF36-4D3D-85F3-2548A8126A32}.Release|Any CPU.ActiveCfg = Release|Any CPU
		{4E6B625B-DF36-4D3D-85F3-2548A8126A32}.Release|Any CPU.Build.0 = Release|Any CPU
		{4E6B625B-DF36-4D3D-85F3-2548A8126A32}.Release|x64.ActiveCfg = Release|Any CPU
		{4E6B625B-DF36-4D3D-85F3-2548A8126A32}.Release|x64.Build.0 = Release|Any CPU
		{4E6B625B-DF36-4D3D-85F3-2548A8126A32}.Release|x86.ActiveCfg = Release|Any CPU
		{4E6B625B-DF36-4D3D-85F3-2548A8126A32}.Release|x86.Build.0 = Release|Any CPU
		{76D2E4DA-8B47-4E62-B310-E3CF3BC1C352}.Debug|Any CPU.ActiveCfg = Debug|Any CPU
		{76D2E4DA-8B47-4E62-B310-E3CF3BC1C352}.Debug|Any CPU.Build.0 = Debug|Any CPU
		{76D2E4DA-8B47-4E62-B310-E3CF3BC1C352}.Debug|x64.ActiveCfg = Debug|Any CPU
		{76D2E4DA-8B47-4E62-B310-E3CF3BC1C352}.Debug|x64.Build.0 = Debug|Any CPU
		{76D2E4DA-8B47-4E62-B310-E3CF3BC1C352}.Debug|x86.ActiveCfg = Debug|Any CPU
		{76D2E4DA-8B47-4E62-B310-E3CF3BC1C352}.Debug|x86.Build.0 = Debug|Any CPU
		{76D2E4DA-8B47-4E62-B310-E3CF3BC1C352}.Release|Any CPU.ActiveCfg = Release|Any CPU
		{76D2E4DA-8B47-4E62-B310-E3CF3BC1C352}.Release|Any CPU.Build.0 = Release|Any CPU
		{76D2E4DA-8B47-4E62-B310-E3CF3BC1C352}.Release|x64.ActiveCfg = Release|Any CPU
		{76D2E4DA-8B47-4E62-B310-E3CF3BC1C352}.Release|x64.Build.0 = Release|Any CPU
		{76D2E4DA-8B47-4E62-B310-E3CF3BC1C352}.Release|x86.ActiveCfg = Release|Any CPU
		{76D2E4DA-8B47-4E62-B310-E3CF3BC1C352}.Release|x86.Build.0 = Release|Any CPU
		{61D9BF45-65CE-4C22-9532-CE8A2E5F6141}.Debug|Any CPU.ActiveCfg = Debug|Any CPU
		{61D9BF45-65CE-4C22-9532-CE8A2E5F6141}.Debug|Any CPU.Build.0 = Debug|Any CPU
		{61D9BF45-65CE-4C22-9532-CE8A2E5F6141}.Debug|x64.ActiveCfg = Debug|Any CPU
		{61D9BF45-65CE-4C22-9532-CE8A2E5F6141}.Debug|x64.Build.0 = Debug|Any CPU
		{61D9BF45-65CE-4C22-9532-CE8A2E5F6141}.Debug|x86.ActiveCfg = Debug|Any CPU
		{61D9BF45-65CE-4C22-9532-CE8A2E5F6141}.Debug|x86.Build.0 = Debug|Any CPU
		{61D9BF45-65CE-4C22-9532-CE8A2E5F6141}.Release|Any CPU.ActiveCfg = Release|Any CPU
		{61D9BF45-65CE-4C22-9532-CE8A2E5F6141}.Release|Any CPU.Build.0 = Release|Any CPU
		{61D9BF45-65CE-4C22-9532-CE8A2E5F6141}.Release|x64.ActiveCfg = Release|Any CPU
		{61D9BF45-65CE-4C22-9532-CE8A2E5F6141}.Release|x64.Build.0 = Release|Any CPU
		{61D9BF45-65CE-4C22-9532-CE8A2E5F6141}.Release|x86.ActiveCfg = Release|Any CPU
		{61D9BF45-65CE-4C22-9532-CE8A2E5F6141}.Release|x86.Build.0 = Release|Any CPU
		{7AD061DE-02CB-4AEA-8110-B055061B4D1C}.Debug|Any CPU.ActiveCfg = Debug|Any CPU
		{7AD061DE-02CB-4AEA-8110-B055061B4D1C}.Debug|Any CPU.Build.0 = Debug|Any CPU
		{7AD061DE-02CB-4AEA-8110-B055061B4D1C}.Debug|x64.ActiveCfg = Debug|Any CPU
		{7AD061DE-02CB-4AEA-8110-B055061B4D1C}.Debug|x64.Build.0 = Debug|Any CPU
		{7AD061DE-02CB-4AEA-8110-B055061B4D1C}.Debug|x86.ActiveCfg = Debug|Any CPU
		{7AD061DE-02CB-4AEA-8110-B055061B4D1C}.Debug|x86.Build.0 = Debug|Any CPU
		{7AD061DE-02CB-4AEA-8110-B055061B4D1C}.Release|Any CPU.ActiveCfg = Release|Any CPU
		{7AD061DE-02CB-4AEA-8110-B055061B4D1C}.Release|Any CPU.Build.0 = Release|Any CPU
		{7AD061DE-02CB-4AEA-8110-B055061B4D1C}.Release|x64.ActiveCfg = Release|Any CPU
		{7AD061DE-02CB-4AEA-8110-B055061B4D1C}.Release|x64.Build.0 = Release|Any CPU
		{7AD061DE-02CB-4AEA-8110-B055061B4D1C}.Release|x86.ActiveCfg = Release|Any CPU
		{7AD061DE-02CB-4AEA-8110-B055061B4D1C}.Release|x86.Build.0 = Release|Any CPU
		{6E29D294-31D1-44A4-B0AC-ED3B7E87E0B8}.Debug|Any CPU.ActiveCfg = Debug|Any CPU
		{6E29D294-31D1-44A4-B0AC-ED3B7E87E0B8}.Debug|Any CPU.Build.0 = Debug|Any CPU
		{6E29D294-31D1-44A4-B0AC-ED3B7E87E0B8}.Debug|x64.ActiveCfg = Debug|Any CPU
		{6E29D294-31D1-44A4-B0AC-ED3B7E87E0B8}.Debug|x64.Build.0 = Debug|Any CPU
		{6E29D294-31D1-44A4-B0AC-ED3B7E87E0B8}.Debug|x86.ActiveCfg = Debug|Any CPU
		{6E29D294-31D1-44A4-B0AC-ED3B7E87E0B8}.Debug|x86.Build.0 = Debug|Any CPU
		{6E29D294-31D1-44A4-B0AC-ED3B7E87E0B8}.Release|Any CPU.ActiveCfg = Release|Any CPU
		{6E29D294-31D1-44A4-B0AC-ED3B7E87E0B8}.Release|Any CPU.Build.0 = Release|Any CPU
		{6E29D294-31D1-44A4-B0AC-ED3B7E87E0B8}.Release|x64.ActiveCfg = Release|Any CPU
		{6E29D294-31D1-44A4-B0AC-ED3B7E87E0B8}.Release|x64.Build.0 = Release|Any CPU
		{6E29D294-31D1-44A4-B0AC-ED3B7E87E0B8}.Release|x86.ActiveCfg = Release|Any CPU
		{6E29D294-31D1-44A4-B0AC-ED3B7E87E0B8}.Release|x86.Build.0 = Release|Any CPU
		{6EF77137-2D23-423F-BFB1-0E25021681C0}.Debug|Any CPU.ActiveCfg = Debug|Any CPU
		{6EF77137-2D23-423F-BFB1-0E25021681C0}.Debug|Any CPU.Build.0 = Debug|Any CPU
		{6EF77137-2D23-423F-BFB1-0E25021681C0}.Debug|x64.ActiveCfg = Debug|Any CPU
		{6EF77137-2D23-423F-BFB1-0E25021681C0}.Debug|x64.Build.0 = Debug|Any CPU
		{6EF77137-2D23-423F-BFB1-0E25021681C0}.Debug|x86.ActiveCfg = Debug|Any CPU
		{6EF77137-2D23-423F-BFB1-0E25021681C0}.Debug|x86.Build.0 = Debug|Any CPU
		{6EF77137-2D23-423F-BFB1-0E25021681C0}.Release|Any CPU.ActiveCfg = Release|Any CPU
		{6EF77137-2D23-423F-BFB1-0E25021681C0}.Release|Any CPU.Build.0 = Release|Any CPU
		{6EF77137-2D23-423F-BFB1-0E25021681C0}.Release|x64.ActiveCfg = Release|Any CPU
		{6EF77137-2D23-423F-BFB1-0E25021681C0}.Release|x64.Build.0 = Release|Any CPU
		{6EF77137-2D23-423F-BFB1-0E25021681C0}.Release|x86.ActiveCfg = Release|Any CPU
		{6EF77137-2D23-423F-BFB1-0E25021681C0}.Release|x86.Build.0 = Release|Any CPU
		{C359C1AB-1B5E-44D5-B391-FA4A693F0E49}.Debug|Any CPU.ActiveCfg = Debug|Any CPU
		{C359C1AB-1B5E-44D5-B391-FA4A693F0E49}.Debug|Any CPU.Build.0 = Debug|Any CPU
		{C359C1AB-1B5E-44D5-B391-FA4A693F0E49}.Debug|x64.ActiveCfg = Debug|Any CPU
		{C359C1AB-1B5E-44D5-B391-FA4A693F0E49}.Debug|x64.Build.0 = Debug|Any CPU
		{C359C1AB-1B5E-44D5-B391-FA4A693F0E49}.Debug|x86.ActiveCfg = Debug|Any CPU
		{C359C1AB-1B5E-44D5-B391-FA4A693F0E49}.Debug|x86.Build.0 = Debug|Any CPU
		{C359C1AB-1B5E-44D5-B391-FA4A693F0E49}.Release|Any CPU.ActiveCfg = Release|Any CPU
		{C359C1AB-1B5E-44D5-B391-FA4A693F0E49}.Release|Any CPU.Build.0 = Release|Any CPU
		{C359C1AB-1B5E-44D5-B391-FA4A693F0E49}.Release|x64.ActiveCfg = Release|Any CPU
		{C359C1AB-1B5E-44D5-B391-FA4A693F0E49}.Release|x64.Build.0 = Release|Any CPU
		{C359C1AB-1B5E-44D5-B391-FA4A693F0E49}.Release|x86.ActiveCfg = Release|Any CPU
		{C359C1AB-1B5E-44D5-B391-FA4A693F0E49}.Release|x86.Build.0 = Release|Any CPU
		{AA1689EA-8D16-4518-A73E-4F5A7555CC4B}.Debug|Any CPU.ActiveCfg = Debug|Any CPU
		{AA1689EA-8D16-4518-A73E-4F5A7555CC4B}.Debug|Any CPU.Build.0 = Debug|Any CPU
		{AA1689EA-8D16-4518-A73E-4F5A7555CC4B}.Debug|x64.ActiveCfg = Debug|Any CPU
		{AA1689EA-8D16-4518-A73E-4F5A7555CC4B}.Debug|x64.Build.0 = Debug|Any CPU
		{AA1689EA-8D16-4518-A73E-4F5A7555CC4B}.Debug|x86.ActiveCfg = Debug|Any CPU
		{AA1689EA-8D16-4518-A73E-4F5A7555CC4B}.Debug|x86.Build.0 = Debug|Any CPU
		{AA1689EA-8D16-4518-A73E-4F5A7555CC4B}.Release|Any CPU.ActiveCfg = Release|Any CPU
		{AA1689EA-8D16-4518-A73E-4F5A7555CC4B}.Release|Any CPU.Build.0 = Release|Any CPU
		{AA1689EA-8D16-4518-A73E-4F5A7555CC4B}.Release|x64.ActiveCfg = Release|Any CPU
		{AA1689EA-8D16-4518-A73E-4F5A7555CC4B}.Release|x64.Build.0 = Release|Any CPU
		{AA1689EA-8D16-4518-A73E-4F5A7555CC4B}.Release|x86.ActiveCfg = Release|Any CPU
		{AA1689EA-8D16-4518-A73E-4F5A7555CC4B}.Release|x86.Build.0 = Release|Any CPU
		{C393D4C4-FD68-46F3-AECF-8AC9CF80AF6F}.Debug|Any CPU.ActiveCfg = Debug|Any CPU
		{C393D4C4-FD68-46F3-AECF-8AC9CF80AF6F}.Debug|Any CPU.Build.0 = Debug|Any CPU
		{C393D4C4-FD68-46F3-AECF-8AC9CF80AF6F}.Debug|x64.ActiveCfg = Debug|Any CPU
		{C393D4C4-FD68-46F3-AECF-8AC9CF80AF6F}.Debug|x64.Build.0 = Debug|Any CPU
		{C393D4C4-FD68-46F3-AECF-8AC9CF80AF6F}.Debug|x86.ActiveCfg = Debug|Any CPU
		{C393D4C4-FD68-46F3-AECF-8AC9CF80AF6F}.Debug|x86.Build.0 = Debug|Any CPU
		{C393D4C4-FD68-46F3-AECF-8AC9CF80AF6F}.Release|Any CPU.ActiveCfg = Release|Any CPU
		{C393D4C4-FD68-46F3-AECF-8AC9CF80AF6F}.Release|Any CPU.Build.0 = Release|Any CPU
		{C393D4C4-FD68-46F3-AECF-8AC9CF80AF6F}.Release|x64.ActiveCfg = Release|Any CPU
		{C393D4C4-FD68-46F3-AECF-8AC9CF80AF6F}.Release|x64.Build.0 = Release|Any CPU
		{C393D4C4-FD68-46F3-AECF-8AC9CF80AF6F}.Release|x86.ActiveCfg = Release|Any CPU
		{C393D4C4-FD68-46F3-AECF-8AC9CF80AF6F}.Release|x86.Build.0 = Release|Any CPU
		{99FD46DD-6C9A-4237-9F4A-15F518117746}.Debug|Any CPU.ActiveCfg = Debug|Any CPU
		{99FD46DD-6C9A-4237-9F4A-15F518117746}.Debug|Any CPU.Build.0 = Debug|Any CPU
		{99FD46DD-6C9A-4237-9F4A-15F518117746}.Debug|x64.ActiveCfg = Debug|Any CPU
		{99FD46DD-6C9A-4237-9F4A-15F518117746}.Debug|x64.Build.0 = Debug|Any CPU
		{99FD46DD-6C9A-4237-9F4A-15F518117746}.Debug|x86.ActiveCfg = Debug|Any CPU
		{99FD46DD-6C9A-4237-9F4A-15F518117746}.Debug|x86.Build.0 = Debug|Any CPU
		{99FD46DD-6C9A-4237-9F4A-15F518117746}.Release|Any CPU.ActiveCfg = Release|Any CPU
		{99FD46DD-6C9A-4237-9F4A-15F518117746}.Release|Any CPU.Build.0 = Release|Any CPU
		{99FD46DD-6C9A-4237-9F4A-15F518117746}.Release|x64.ActiveCfg = Release|Any CPU
		{99FD46DD-6C9A-4237-9F4A-15F518117746}.Release|x64.Build.0 = Release|Any CPU
		{99FD46DD-6C9A-4237-9F4A-15F518117746}.Release|x86.ActiveCfg = Release|Any CPU
		{99FD46DD-6C9A-4237-9F4A-15F518117746}.Release|x86.Build.0 = Release|Any CPU
		{22C4703B-0EE6-465F-8F4D-11AA4E0CCB62}.Debug|Any CPU.ActiveCfg = Debug|Any CPU
		{22C4703B-0EE6-465F-8F4D-11AA4E0CCB62}.Debug|Any CPU.Build.0 = Debug|Any CPU
		{22C4703B-0EE6-465F-8F4D-11AA4E0CCB62}.Debug|x64.ActiveCfg = Debug|Any CPU
		{22C4703B-0EE6-465F-8F4D-11AA4E0CCB62}.Debug|x64.Build.0 = Debug|Any CPU
		{22C4703B-0EE6-465F-8F4D-11AA4E0CCB62}.Debug|x86.ActiveCfg = Debug|Any CPU
		{22C4703B-0EE6-465F-8F4D-11AA4E0CCB62}.Debug|x86.Build.0 = Debug|Any CPU
		{22C4703B-0EE6-465F-8F4D-11AA4E0CCB62}.Release|Any CPU.ActiveCfg = Release|Any CPU
		{22C4703B-0EE6-465F-8F4D-11AA4E0CCB62}.Release|Any CPU.Build.0 = Release|Any CPU
		{22C4703B-0EE6-465F-8F4D-11AA4E0CCB62}.Release|x64.ActiveCfg = Release|Any CPU
		{22C4703B-0EE6-465F-8F4D-11AA4E0CCB62}.Release|x64.Build.0 = Release|Any CPU
		{22C4703B-0EE6-465F-8F4D-11AA4E0CCB62}.Release|x86.ActiveCfg = Release|Any CPU
		{22C4703B-0EE6-465F-8F4D-11AA4E0CCB62}.Release|x86.Build.0 = Release|Any CPU
		{D3835613-6B26-4C43-A939-9AA67D8ADA48}.Debug|Any CPU.ActiveCfg = Debug|Any CPU
		{D3835613-6B26-4C43-A939-9AA67D8ADA48}.Debug|Any CPU.Build.0 = Debug|Any CPU
		{D3835613-6B26-4C43-A939-9AA67D8ADA48}.Debug|x64.ActiveCfg = Debug|Any CPU
		{D3835613-6B26-4C43-A939-9AA67D8ADA48}.Debug|x64.Build.0 = Debug|Any CPU
		{D3835613-6B26-4C43-A939-9AA67D8ADA48}.Debug|x86.ActiveCfg = Debug|Any CPU
		{D3835613-6B26-4C43-A939-9AA67D8ADA48}.Debug|x86.Build.0 = Debug|Any CPU
		{D3835613-6B26-4C43-A939-9AA67D8ADA48}.Release|Any CPU.ActiveCfg = Release|Any CPU
		{D3835613-6B26-4C43-A939-9AA67D8ADA48}.Release|Any CPU.Build.0 = Release|Any CPU
		{D3835613-6B26-4C43-A939-9AA67D8ADA48}.Release|x64.ActiveCfg = Release|Any CPU
		{D3835613-6B26-4C43-A939-9AA67D8ADA48}.Release|x64.Build.0 = Release|Any CPU
		{D3835613-6B26-4C43-A939-9AA67D8ADA48}.Release|x86.ActiveCfg = Release|Any CPU
		{D3835613-6B26-4C43-A939-9AA67D8ADA48}.Release|x86.Build.0 = Release|Any CPU
		{07FFFC52-2EF4-4061-B7E8-9CAC7EF2A11E}.Debug|Any CPU.ActiveCfg = Debug|Any CPU
		{07FFFC52-2EF4-4061-B7E8-9CAC7EF2A11E}.Debug|Any CPU.Build.0 = Debug|Any CPU
		{07FFFC52-2EF4-4061-B7E8-9CAC7EF2A11E}.Debug|x64.ActiveCfg = Debug|Any CPU
		{07FFFC52-2EF4-4061-B7E8-9CAC7EF2A11E}.Debug|x64.Build.0 = Debug|Any CPU
		{07FFFC52-2EF4-4061-B7E8-9CAC7EF2A11E}.Debug|x86.ActiveCfg = Debug|Any CPU
		{07FFFC52-2EF4-4061-B7E8-9CAC7EF2A11E}.Debug|x86.Build.0 = Debug|Any CPU
		{07FFFC52-2EF4-4061-B7E8-9CAC7EF2A11E}.Release|Any CPU.ActiveCfg = Release|Any CPU
		{07FFFC52-2EF4-4061-B7E8-9CAC7EF2A11E}.Release|Any CPU.Build.0 = Release|Any CPU
		{07FFFC52-2EF4-4061-B7E8-9CAC7EF2A11E}.Release|x64.ActiveCfg = Release|Any CPU
		{07FFFC52-2EF4-4061-B7E8-9CAC7EF2A11E}.Release|x64.Build.0 = Release|Any CPU
		{07FFFC52-2EF4-4061-B7E8-9CAC7EF2A11E}.Release|x86.ActiveCfg = Release|Any CPU
		{07FFFC52-2EF4-4061-B7E8-9CAC7EF2A11E}.Release|x86.Build.0 = Release|Any CPU
		{503BF9FA-35C1-4140-80DE-A02E222847D5}.Debug|Any CPU.ActiveCfg = Debug|Any CPU
		{503BF9FA-35C1-4140-80DE-A02E222847D5}.Debug|Any CPU.Build.0 = Debug|Any CPU
		{503BF9FA-35C1-4140-80DE-A02E222847D5}.Debug|x64.ActiveCfg = Debug|Any CPU
		{503BF9FA-35C1-4140-80DE-A02E222847D5}.Debug|x64.Build.0 = Debug|Any CPU
		{503BF9FA-35C1-4140-80DE-A02E222847D5}.Debug|x86.ActiveCfg = Debug|Any CPU
		{503BF9FA-35C1-4140-80DE-A02E222847D5}.Debug|x86.Build.0 = Debug|Any CPU
		{503BF9FA-35C1-4140-80DE-A02E222847D5}.Release|Any CPU.ActiveCfg = Release|Any CPU
		{503BF9FA-35C1-4140-80DE-A02E222847D5}.Release|Any CPU.Build.0 = Release|Any CPU
		{503BF9FA-35C1-4140-80DE-A02E222847D5}.Release|x64.ActiveCfg = Release|Any CPU
		{503BF9FA-35C1-4140-80DE-A02E222847D5}.Release|x64.Build.0 = Release|Any CPU
		{503BF9FA-35C1-4140-80DE-A02E222847D5}.Release|x86.ActiveCfg = Release|Any CPU
		{503BF9FA-35C1-4140-80DE-A02E222847D5}.Release|x86.Build.0 = Release|Any CPU
		{8298031F-8E10-4FBD-B556-0EE7F129A74A}.Debug|Any CPU.ActiveCfg = Debug|Any CPU
		{8298031F-8E10-4FBD-B556-0EE7F129A74A}.Debug|Any CPU.Build.0 = Debug|Any CPU
		{8298031F-8E10-4FBD-B556-0EE7F129A74A}.Debug|x64.ActiveCfg = Debug|Any CPU
		{8298031F-8E10-4FBD-B556-0EE7F129A74A}.Debug|x64.Build.0 = Debug|Any CPU
		{8298031F-8E10-4FBD-B556-0EE7F129A74A}.Debug|x86.ActiveCfg = Debug|Any CPU
		{8298031F-8E10-4FBD-B556-0EE7F129A74A}.Debug|x86.Build.0 = Debug|Any CPU
		{8298031F-8E10-4FBD-B556-0EE7F129A74A}.Release|Any CPU.ActiveCfg = Release|Any CPU
		{8298031F-8E10-4FBD-B556-0EE7F129A74A}.Release|Any CPU.Build.0 = Release|Any CPU
		{8298031F-8E10-4FBD-B556-0EE7F129A74A}.Release|x64.ActiveCfg = Release|Any CPU
		{8298031F-8E10-4FBD-B556-0EE7F129A74A}.Release|x64.Build.0 = Release|Any CPU
		{8298031F-8E10-4FBD-B556-0EE7F129A74A}.Release|x86.ActiveCfg = Release|Any CPU
		{8298031F-8E10-4FBD-B556-0EE7F129A74A}.Release|x86.Build.0 = Release|Any CPU
		{CB126D83-20BE-47F5-9DC0-4BE449B8C00E}.Debug|Any CPU.ActiveCfg = Debug|Any CPU
		{CB126D83-20BE-47F5-9DC0-4BE449B8C00E}.Debug|Any CPU.Build.0 = Debug|Any CPU
		{CB126D83-20BE-47F5-9DC0-4BE449B8C00E}.Debug|x64.ActiveCfg = Debug|Any CPU
		{CB126D83-20BE-47F5-9DC0-4BE449B8C00E}.Debug|x64.Build.0 = Debug|Any CPU
		{CB126D83-20BE-47F5-9DC0-4BE449B8C00E}.Debug|x86.ActiveCfg = Debug|Any CPU
		{CB126D83-20BE-47F5-9DC0-4BE449B8C00E}.Debug|x86.Build.0 = Debug|Any CPU
		{CB126D83-20BE-47F5-9DC0-4BE449B8C00E}.Release|Any CPU.ActiveCfg = Release|Any CPU
		{CB126D83-20BE-47F5-9DC0-4BE449B8C00E}.Release|Any CPU.Build.0 = Release|Any CPU
		{CB126D83-20BE-47F5-9DC0-4BE449B8C00E}.Release|x64.ActiveCfg = Release|Any CPU
		{CB126D83-20BE-47F5-9DC0-4BE449B8C00E}.Release|x64.Build.0 = Release|Any CPU
		{CB126D83-20BE-47F5-9DC0-4BE449B8C00E}.Release|x86.ActiveCfg = Release|Any CPU
		{CB126D83-20BE-47F5-9DC0-4BE449B8C00E}.Release|x86.Build.0 = Release|Any CPU
		{271A90F3-4B64-496F-8FC7-63754479FE3E}.Debug|Any CPU.ActiveCfg = Debug|Any CPU
		{271A90F3-4B64-496F-8FC7-63754479FE3E}.Debug|Any CPU.Build.0 = Debug|Any CPU
		{271A90F3-4B64-496F-8FC7-63754479FE3E}.Debug|x64.ActiveCfg = Debug|Any CPU
		{271A90F3-4B64-496F-8FC7-63754479FE3E}.Debug|x64.Build.0 = Debug|Any CPU
		{271A90F3-4B64-496F-8FC7-63754479FE3E}.Debug|x86.ActiveCfg = Debug|Any CPU
		{271A90F3-4B64-496F-8FC7-63754479FE3E}.Debug|x86.Build.0 = Debug|Any CPU
		{271A90F3-4B64-496F-8FC7-63754479FE3E}.Release|Any CPU.ActiveCfg = Release|Any CPU
		{271A90F3-4B64-496F-8FC7-63754479FE3E}.Release|Any CPU.Build.0 = Release|Any CPU
		{271A90F3-4B64-496F-8FC7-63754479FE3E}.Release|x64.ActiveCfg = Release|Any CPU
		{271A90F3-4B64-496F-8FC7-63754479FE3E}.Release|x64.Build.0 = Release|Any CPU
		{271A90F3-4B64-496F-8FC7-63754479FE3E}.Release|x86.ActiveCfg = Release|Any CPU
		{271A90F3-4B64-496F-8FC7-63754479FE3E}.Release|x86.Build.0 = Release|Any CPU
	EndGlobalSection
EndGlobal
